# THIS IS AN AUTOGENERATED FILE. DO NOT EDIT THIS FILE DIRECTLY.
# yarn lockfile v1


"@types/node@^14.14.10":
  version "14.14.10"
  resolved "https://registry.yarnpkg.com/@types/node/-/node-14.14.10.tgz#5958a82e41863cfc71f2307b3748e3491ba03785"
  integrity sha512-J32dgx2hw8vXrSbu4ZlVhn1Nm3GbeCFNw2FWL8S5QKucHGY0cyNwjdQdO+KMBZ4wpmC7KhLCiNsdk1RFRIYUQQ==

eris@^0.14.0:
  version "0.14.0"
  resolved "https://registry.yarnpkg.com/eris/-/eris-0.14.0.tgz#0d13391c0fc1a7b678b2f8d1fc3ec6aef05700d3"
  integrity sha512-/W6X0SFR2swtA9oc4ga5Wh1TQcZtPgbUaDDdwYc67fvFUAtwC+V1xzWUZq2yDeJnTfB8Uot9SJWA8Lthe2sDtQ==
  dependencies:
    ws "^7.2.1"
  optionalDependencies:
    opusscript "^0.0.7"
    tweetnacl "^1.0.1"

opusscript@^0.0.7:
  version "0.0.7"
  resolved "https://registry.yarnpkg.com/opusscript/-/opusscript-0.0.7.tgz#7dd7ec55b302d26bf588e6fc3feb090b8c7da856"
  integrity sha512-DcBadTdYTUuH9zQtepsLjQn4Ll6rs3dmeFvN+SD0ThPnxRBRm/WC1zXWPg+wgAJimB784gdZvUMA57gDP7FdVg==

split-string@^6.1.0:
  version "6.1.0"
  resolved "https://registry.yarnpkg.com/split-string/-/split-string-6.1.0.tgz#e9cedcf94cdab077d9b5528927894dec4b0f42ab"
  integrity sha512-9UBdnmnvx2NLLd4bMs7CEKK+wSzbujVv3ONyorkP1o8M3pVJQtXDO1cN19xD1JJs6ltOrtPrkUND0HzLSinUcA==

tweetnacl@^1.0.1:
  version "1.0.3"
  resolved "https://registry.yarnpkg.com/tweetnacl/-/tweetnacl-1.0.3.tgz#ac0af71680458d8a6378d0d0d050ab1407d35596"
  integrity sha512-6rt+RN7aOi1nGMyC4Xa5DdYiukl2UWCbcJft7YhxReBGQD7OAM8Pbxw6YMo4r2diNEA8FEmu32YOn9rhaiE5yw==

typescript@^4.1.2:
  version "4.1.2"
  resolved "https://registry.yarnpkg.com/typescript/-/typescript-4.1.2.tgz#6369ef22516fe5e10304aae5a5c4862db55380e9"
  integrity sha512-thGloWsGH3SOxv1SoY7QojKi0tc+8FnOmiarEGMbd/lar7QOEd3hvlx3Fp5y6FlDUGl9L+pd4n2e+oToGMmhRQ==

ws@^7.2.1:
  version "7.4.0"
  resolved "https://registry.yarnpkg.com/ws/-/ws-7.4.0.tgz#a5dd76a24197940d4a8bb9e0e152bb4503764da7"
  integrity sha512-kyFwXuV/5ymf+IXhS6f0+eAFvydbaBW3zjpT6hUdAh/hbVjTIB5EHBGi0bPoCLSK2wcuz3BrEkB9LrYv1Nm4NQ==
